
Microsoft Visual Studio Solution File, Format Version 12.00
# Visual Studio Version 16
VisualStudioVersion = 16.0.31515.178
MinimumVisualStudioVersion = 10.0.40219.1
Project("{FAE04EC0-301F-11D3-BF4B-00C04F79EFBC}") = "MSA-Yearbook-skim867", "MSA-Yearbook-skim867\MSA-Yearbook-skim867.csproj", "{FA6DB55B-722C-4E8E-9E29-321352A805EC}"
EndProject
Global
	GlobalSection(SolutionConfigurationPlatforms) = preSolution
		Debug|Any CPU = Debug|Any CPU
		Release|Any CPU = Release|Any CPU
	EndGlobalSection
	GlobalSection(ProjectConfigurationPlatforms) = postSolution
		{FA6DB55B-722C-4E8E-9E29-321352A805EC}.Debug|Any CPU.ActiveCfg = Debug|Any CPU
		{FA6DB55B-722C-4E8E-9E29-321352A805EC}.Debug|Any CPU.Build.0 = Debug|Any CPU
		{FA6DB55B-722C-4E8E-9E29-321352A805EC}.Release|Any CPU.ActiveCfg = Release|Any CPU
		{FA6DB55B-722C-4E8E-9E29-321352A805EC}.Release|Any CPU.Build.0 = Release|Any CPU
	EndGlobalSection
	GlobalSection(SolutionProperties) = preSolution
		HideSolutionNode = FALSE
	EndGlobalSection
	GlobalSection(ExtensibilityGlobals) = postSolution
		SolutionGuid = {9A5B9324-1C55-417B-A85A-1C253DD2386E}
	EndGlobalSection
EndGlobal
